
Microsoft Visual Studio Solution File, Format Version 12.00
# Visual Studio 2013
VisualStudioVersion = 12.0.21005.1
MinimumVisualStudioVersion = 10.0.40219.1
Project("{FAE04EC0-301F-11D3-BF4B-00C04F79EFBC}") = "DataEditor.Ruby", "DataEditor.Ruby\DataEditor.Ruby.csproj", "{B4233AF4-E637-4E9C-8991-3499E9B3EE31}"
EndProject
Project("{FAE04EC0-301F-11D3-BF4B-00C04F79EFBC}") = "DataEditor.Contract", "..\DataEditor\DataEditor.Contract\DataEditor.Contract.csproj", "{D7DFC2B5-BB85-4037-B052-C4F1E3C1BDE0}"
EndProject
Project("{FAE04EC0-301F-11D3-BF4B-00C04F79EFBC}") = "DataEditor.Help", "DataEditor.Help\DataEditor.Help.csproj", "{AAFC4019-7092-4E66-9F1D-8A3EA4BA75A0}"
EndProject
Project("{FAE04EC0-301F-11D3-BF4B-00C04F79EFBC}") = "DataEditor.Control", "DataEditor.Control\DataEditor.Control.csproj", "{AE8BBEB5-CB95-4AD0-B7C3-F7C03FF5B352}"
EndProject
Project("{FAE04EC0-301F-11D3-BF4B-00C04F79EFBC}") = "DataEditor.FuzzyData", "..\DataEditor\DataEditor.FuzzyData\DataEditor.FuzzyData.csproj", "{3516D3C7-F112-4763-9F2D-0B17991C12FF}"
EndProject
Project("{FAE04EC0-301F-11D3-BF4B-00C04F79EFBC}") = "DataEditor.Control.Wrapper", "DataEditor.Control.Wrapper\DataEditor.Control.Wrapper.csproj", "{6FF3006B-22AD-4225-9B8A-DE6FBC0BA745}"
EndProject
Project("{FAE04EC0-301F-11D3-BF4B-00C04F79EFBC}") = "DataEditor.Control.Window", "DataEditor.Control.Window\DataEditor.Control.Window.csproj", "{9D0F2890-FEB9-4A0B-AD23-DB7752EDDE30}"
EndProject
Project("{FAE04EC0-301F-11D3-BF4B-00C04F79EFBC}") = "DataEditor.Titan", "DataEditor.Titan\DataEditor.Titan.csproj", "{E506000C-8D1D-43CD-98BB-B3684D6EDFAE}"
EndProject
Project("{FAE04EC0-301F-11D3-BF4B-00C04F79EFBC}") = "DataEditor.FuzzyData.Extra", "DataEditor.FuzzyData.Extra\DataEditor.FuzzyData.Extra.csproj", "{3332A025-6E2B-4D9F-8A46-9F2350B39750}"
EndProject
Project("{FAE04EC0-301F-11D3-BF4B-00C04F79EFBC}") = "DataEditor.FuzzyData.Serialization.RubyMarshal", "DataEditor.FuzzyData.Serialization.RubyMarshal\DataEditor.FuzzyData.Serialization.RubyMarshal.csproj", "{A9C0DC50-CEC6-401B-92E3-65787C9BEDC9}"
EndProject
Project("{FAE04EC0-301F-11D3-BF4B-00C04F79EFBC}") = "DataEditor.Control.Prototype", "DataEditor.Control.Prototype\DataEditor.Control.Prototype.csproj", "{02449EDB-B4B5-47E6-AD29-7CC1C8B0BF09}"
EndProject
Project("{FAE04EC0-301F-11D3-BF4B-00C04F79EFBC}") = "DataEditor.Arce", "DataEditor.Arce\DataEditor.Arce.csproj", "{F5FD5556-E0F3-4E5E-9640-274E37980412}"
EndProject
Project("{FAE04EC0-301F-11D3-BF4B-00C04F79EFBC}") = "DataEditor.Control.Event", "DataEditor.Control.Event\DataEditor.Control.Event.csproj", "{233070A6-124E-454F-800B-BCA40F03856B}"
EndProject
Global
	GlobalSection(SolutionConfigurationPlatforms) = preSolution
		Debug|Any CPU = Debug|Any CPU
		Release|Any CPU = Release|Any CPU
	EndGlobalSection
	GlobalSection(ProjectConfigurationPlatforms) = postSolution
		{B4233AF4-E637-4E9C-8991-3499E9B3EE31}.Debug|Any CPU.ActiveCfg = Debug|Any CPU
		{B4233AF4-E637-4E9C-8991-3499E9B3EE31}.Debug|Any CPU.Build.0 = Debug|Any CPU
		{B4233AF4-E637-4E9C-8991-3499E9B3EE31}.Release|Any CPU.ActiveCfg = Release|Any CPU
		{B4233AF4-E637-4E9C-8991-3499E9B3EE31}.Release|Any CPU.Build.0 = Release|Any CPU
		{D7DFC2B5-BB85-4037-B052-C4F1E3C1BDE0}.Debug|Any CPU.ActiveCfg = Debug|Any CPU
		{D7DFC2B5-BB85-4037-B052-C4F1E3C1BDE0}.Debug|Any CPU.Build.0 = Debug|Any CPU
		{D7DFC2B5-BB85-4037-B052-C4F1E3C1BDE0}.Release|Any CPU.ActiveCfg = Release|Any CPU
		{D7DFC2B5-BB85-4037-B052-C4F1E3C1BDE0}.Release|Any CPU.Build.0 = Release|Any CPU
		{AAFC4019-7092-4E66-9F1D-8A3EA4BA75A0}.Debug|Any CPU.ActiveCfg = Debug|Any CPU
		{AAFC4019-7092-4E66-9F1D-8A3EA4BA75A0}.Debug|Any CPU.Build.0 = Debug|Any CPU
		{AAFC4019-7092-4E66-9F1D-8A3EA4BA75A0}.Release|Any CPU.ActiveCfg = Release|Any CPU
		{AAFC4019-7092-4E66-9F1D-8A3EA4BA75A0}.Release|Any CPU.Build.0 = Release|Any CPU
		{AE8BBEB5-CB95-4AD0-B7C3-F7C03FF5B352}.Debug|Any CPU.ActiveCfg = Debug|Any CPU
		{AE8BBEB5-CB95-4AD0-B7C3-F7C03FF5B352}.Debug|Any CPU.Build.0 = Debug|Any CPU
		{AE8BBEB5-CB95-4AD0-B7C3-F7C03FF5B352}.Release|Any CPU.ActiveCfg = Release|Any CPU
		{AE8BBEB5-CB95-4AD0-B7C3-F7C03FF5B352}.Release|Any CPU.Build.0 = Release|Any CPU
		{3516D3C7-F112-4763-9F2D-0B17991C12FF}.Debug|Any CPU.ActiveCfg = Debug|Any CPU
		{3516D3C7-F112-4763-9F2D-0B17991C12FF}.Debug|Any CPU.Build.0 = Debug|Any CPU
		{3516D3C7-F112-4763-9F2D-0B17991C12FF}.Release|Any CPU.ActiveCfg = Release|Any CPU
		{3516D3C7-F112-4763-9F2D-0B17991C12FF}.Release|Any CPU.Build.0 = Release|Any CPU
		{6FF3006B-22AD-4225-9B8A-DE6FBC0BA745}.Debug|Any CPU.ActiveCfg = Debug|Any CPU
		{6FF3006B-22AD-4225-9B8A-DE6FBC0BA745}.Debug|Any CPU.Build.0 = Debug|Any CPU
		{6FF3006B-22AD-4225-9B8A-DE6FBC0BA745}.Release|Any CPU.ActiveCfg = Release|Any CPU
		{6FF3006B-22AD-4225-9B8A-DE6FBC0BA745}.Release|Any CPU.Build.0 = Release|Any CPU
		{9D0F2890-FEB9-4A0B-AD23-DB7752EDDE30}.Debug|Any CPU.ActiveCfg = Debug|Any CPU
		{9D0F2890-FEB9-4A0B-AD23-DB7752EDDE30}.Debug|Any CPU.Build.0 = Debug|Any CPU
		{9D0F2890-FEB9-4A0B-AD23-DB7752EDDE30}.Release|Any CPU.ActiveCfg = Release|Any CPU
		{9D0F2890-FEB9-4A0B-AD23-DB7752EDDE30}.Release|Any CPU.Build.0 = Release|Any CPU
		{E506000C-8D1D-43CD-98BB-B3684D6EDFAE}.Debug|Any CPU.ActiveCfg = Debug|Any CPU
		{E506000C-8D1D-43CD-98BB-B3684D6EDFAE}.Debug|Any CPU.Build.0 = Debug|Any CPU
		{E506000C-8D1D-43CD-98BB-B3684D6EDFAE}.Release|Any CPU.ActiveCfg = Release|Any CPU
		{E506000C-8D1D-43CD-98BB-B3684D6EDFAE}.Release|Any CPU.Build.0 = Release|Any CPU
		{3332A025-6E2B-4D9F-8A46-9F2350B39750}.Debug|Any CPU.ActiveCfg = Debug|Any CPU
		{3332A025-6E2B-4D9F-8A46-9F2350B39750}.Debug|Any CPU.Build.0 = Debug|Any CPU
		{3332A025-6E2B-4D9F-8A46-9F2350B39750}.Release|Any CPU.ActiveCfg = Release|Any CPU
		{3332A025-6E2B-4D9F-8A46-9F2350B39750}.Release|Any CPU.Build.0 = Release|Any CPU
		{A9C0DC50-CEC6-401B-92E3-65787C9BEDC9}.Debug|Any CPU.ActiveCfg = Debug|Any CPU
		{A9C0DC50-CEC6-401B-92E3-65787C9BEDC9}.Debug|Any CPU.Build.0 = Debug|Any CPU
		{A9C0DC50-CEC6-401B-92E3-65787C9BEDC9}.Release|Any CPU.ActiveCfg = Release|Any CPU
		{A9C0DC50-CEC6-401B-92E3-65787C9BEDC9}.Release|Any CPU.Build.0 = Release|Any CPU
		{02449EDB-B4B5-47E6-AD29-7CC1C8B0BF09}.Debug|Any CPU.ActiveCfg = Debug|Any CPU
		{02449EDB-B4B5-47E6-AD29-7CC1C8B0BF09}.Debug|Any CPU.Build.0 = Debug|Any CPU
		{02449EDB-B4B5-47E6-AD29-7CC1C8B0BF09}.Release|Any CPU.ActiveCfg = Release|Any CPU
		{02449EDB-B4B5-47E6-AD29-7CC1C8B0BF09}.Release|Any CPU.Build.0 = Release|Any CPU
		{F5FD5556-E0F3-4E5E-9640-274E37980412}.Debug|Any CPU.ActiveCfg = Debug|Any CPU
		{F5FD5556-E0F3-4E5E-9640-274E37980412}.Debug|Any CPU.Build.0 = Debug|Any CPU
		{F5FD5556-E0F3-4E5E-9640-274E37980412}.Release|Any CPU.ActiveCfg = Release|Any CPU
		{F5FD5556-E0F3-4E5E-9640-274E37980412}.Release|Any CPU.Build.0 = Release|Any CPU
		{233070A6-124E-454F-800B-BCA40F03856B}.Debug|Any CPU.ActiveCfg = Debug|Any CPU
		{233070A6-124E-454F-800B-BCA40F03856B}.Debug|Any CPU.Build.0 = Debug|Any CPU
		{233070A6-124E-454F-800B-BCA40F03856B}.Release|Any CPU.ActiveCfg = Release|Any CPU
		{233070A6-124E-454F-800B-BCA40F03856B}.Release|Any CPU.Build.0 = Release|Any CPU
	EndGlobalSection
	GlobalSection(SolutionProperties) = preSolution
		HideSolutionNode = FALSE
	EndGlobalSection
EndGlobal
